
Microsoft Visual Studio Solution File, Format Version 12.00
# Visual Studio Version 16
VisualStudioVersion = 16.0.29911.84
MinimumVisualStudioVersion = 10.0.40219.1
Project("{FAE04EC0-301F-11D3-BF4B-00C04F79EFBC}") = "SplitTextEnglish", "SplitTextEnglish\SplitTextEnglish.csproj", "{0CA7B258-CFD2-40F9-863E-23DEABAABEEC}"
EndProject
Global
	GlobalSection(SolutionConfigurationPlatforms) = preSolution
		Debug|Any CPU = Debug|Any CPU
		Release|Any CPU = Release|Any CPU
	EndGlobalSection
	GlobalSection(ProjectConfigurationPlatforms) = postSolution
		{0CA7B258-CFD2-40F9-863E-23DEABAABEEC}.Debug|Any CPU.ActiveCfg = Debug|Any CPU
		{0CA7B258-CFD2-40F9-863E-23DEABAABEEC}.Debug|Any CPU.Build.0 = Debug|Any CPU
		{0CA7B258-CFD2-40F9-863E-23DEABAABEEC}.Release|Any CPU.ActiveCfg = Release|Any CPU
		{0CA7B258-CFD2-40F9-863E-23DEABAABEEC}.Release|Any CPU.Build.0 = Release|Any CPU
	EndGlobalSection
	GlobalSection(SolutionProperties) = preSolution
		HideSolutionNode = FALSE
	EndGlobalSection
	GlobalSection(ExtensibilityGlobals) = postSolution
		SolutionGuid = {C8CE8D67-9564-4623-BF83-28AD3148BF37}
	EndGlobalSection
EndGlobal
